
Microsoft Visual Studio Solution File, Format Version 12.00
# Visual Studio Version 16
VisualStudioVersion = 16.0.36128.20
MinimumVisualStudioVersion = 10.0.40219.1
Project("{FAE04EC0-301F-11D3-BF4B-00C04F79EFBC}") = "Singleton_Caching", "Singleton_Caching.csproj", "{0B76C2EF-7537-43AD-9509-B9CBA52845B9}"
EndProject
Global
	GlobalSection(SolutionConfigurationPlatforms) = preSolution
		Debug|Any CPU = Debug|Any CPU
		Release|Any CPU = Release|Any CPU
	EndGlobalSection
	GlobalSection(ProjectConfigurationPlatforms) = postSolution
		{0B76C2EF-7537-43AD-9509-B9CBA52845B9}.Debug|Any CPU.ActiveCfg = Debug|Any CPU
		{0B76C2EF-7537-43AD-9509-B9CBA52845B9}.Debug|Any CPU.Build.0 = Debug|Any CPU
		{0B76C2EF-7537-43AD-9509-B9CBA52845B9}.Release|Any CPU.ActiveCfg = Release|Any CPU
		{0B76C2EF-7537-43AD-9509-B9CBA52845B9}.Release|Any CPU.Build.0 = Release|Any CPU
	EndGlobalSection
	GlobalSection(SolutionProperties) = preSolution
		HideSolutionNode = FALSE
	EndGlobalSection
	GlobalSection(ExtensibilityGlobals) = postSolution
		SolutionGuid = {25286D43-F073-42F8-B286-CE68F9E5D76F}
	EndGlobalSection
EndGlobal
