
Microsoft Visual Studio Solution File, Format Version 12.00
# Visual Studio Version 16
VisualStudioVersion = 16.0.36128.20
MinimumVisualStudioVersion = 10.0.40219.1
Project("{FAE04EC0-301F-11D3-BF4B-00C04F79EFBC}") = "Coding_Challenges_Q2", "Coding_Challenges_Q2.csproj", "{B1A7F33C-8732-4545-B980-AA49F7E314F8}"
EndProject
Global
	GlobalSection(SolutionConfigurationPlatforms) = preSolution
		Debug|Any CPU = Debug|Any CPU
		Release|Any CPU = Release|Any CPU
	EndGlobalSection
	GlobalSection(ProjectConfigurationPlatforms) = postSolution
		{B1A7F33C-8732-4545-B980-AA49F7E314F8}.Debug|Any CPU.ActiveCfg = Debug|Any CPU
		{B1A7F33C-8732-4545-B980-AA49F7E314F8}.Debug|Any CPU.Build.0 = Debug|Any CPU
		{B1A7F33C-8732-4545-B980-AA49F7E314F8}.Release|Any CPU.ActiveCfg = Release|Any CPU
		{B1A7F33C-8732-4545-B980-AA49F7E314F8}.Release|Any CPU.Build.0 = Release|Any CPU
	EndGlobalSection
	GlobalSection(SolutionProperties) = preSolution
		HideSolutionNode = FALSE
	EndGlobalSection
	GlobalSection(ExtensibilityGlobals) = postSolution
		SolutionGuid = {1E837952-9894-4852-97A6-800545F912C4}
	EndGlobalSection
EndGlobal
