
Microsoft Visual Studio Solution File, Format Version 12.00
# Visual Studio Version 16
VisualStudioVersion = 16.0.36128.20
MinimumVisualStudioVersion = 10.0.40219.1
Project("{FAE04EC0-301F-11D3-BF4B-00C04F79EFBC}") = "MVC_Learnings", "MVC_Learnings.csproj", "{D07ED320-1660-44C4-8DEB-5F9ED7C23CB5}"
EndProject
Project("{FAE04EC0-301F-11D3-BF4B-00C04F79EFBC}") = "Model_States", "..\Model_States\Model_States.csproj", "{59224A33-0FBF-4924-B1AC-31C5C78FA2ED}"
EndProject
Global
	GlobalSection(SolutionConfigurationPlatforms) = preSolution
		Debug|Any CPU = Debug|Any CPU
		Release|Any CPU = Release|Any CPU
	EndGlobalSection
	GlobalSection(ProjectConfigurationPlatforms) = postSolution
		{D07ED320-1660-44C4-8DEB-5F9ED7C23CB5}.Debug|Any CPU.ActiveCfg = Debug|Any CPU
		{D07ED320-1660-44C4-8DEB-5F9ED7C23CB5}.Debug|Any CPU.Build.0 = Debug|Any CPU
		{D07ED320-1660-44C4-8DEB-5F9ED7C23CB5}.Release|Any CPU.ActiveCfg = Release|Any CPU
		{D07ED320-1660-44C4-8DEB-5F9ED7C23CB5}.Release|Any CPU.Build.0 = Release|Any CPU
		{59224A33-0FBF-4924-B1AC-31C5C78FA2ED}.Debug|Any CPU.ActiveCfg = Debug|Any CPU
		{59224A33-0FBF-4924-B1AC-31C5C78FA2ED}.Debug|Any CPU.Build.0 = Debug|Any CPU
		{59224A33-0FBF-4924-B1AC-31C5C78FA2ED}.Release|Any CPU.ActiveCfg = Release|Any CPU
		{59224A33-0FBF-4924-B1AC-31C5C78FA2ED}.Release|Any CPU.Build.0 = Release|Any CPU
	EndGlobalSection
	GlobalSection(SolutionProperties) = preSolution
		HideSolutionNode = FALSE
	EndGlobalSection
	GlobalSection(ExtensibilityGlobals) = postSolution
		SolutionGuid = {7180C600-1616-4816-9E63-E3842E4FEC18}
	EndGlobalSection
EndGlobal
